// !$*UTF8*$!
{
	archiveVersion = 1;
	classes = {
	};
	objectVersion = 51;
	objects = {

/* Begin PBXBuildFile section */
		0E744806C0B67CAFCB2507A5 /* Pods_Thread_Example_Project.framework in Frameworks */ = {isa = PBXBuildFile; fileRef = FE1E4405A846A92058ACFAF2 /* Pods_Thread_Example_Project.framework */; };
		250826022698210100922ABD /* AppDelegate.swift in Sources */ = {isa = PBXBuildFile; fileRef = 250826012698210100922ABD /* AppDelegate.swift */; };
		250826042698210100922ABD /* SceneDelegate.swift in Sources */ = {isa = PBXBuildFile; fileRef = 250826032698210100922ABD /* SceneDelegate.swift */; };
		250826062698210100922ABD /* ViewController.swift in Sources */ = {isa = PBXBuildFile; fileRef = 250826052698210100922ABD /* ViewController.swift */; };
		250826092698210100922ABD /* Main.storyboard in Resources */ = {isa = PBXBuildFile; fileRef = 250826072698210100922ABD /* Main.storyboard */; };
		2508260B2698210200922ABD /* Assets.xcassets in Resources */ = {isa = PBXBuildFile; fileRef = 2508260A2698210200922ABD /* Assets.xcassets */; };
		2508260E2698210200922ABD /* LaunchScreen.storyboard in Resources */ = {isa = PBXBuildFile; fileRef = 2508260C2698210200922ABD /* LaunchScreen.storyboard */; };
		25082617269828A000922ABD /* SecondController.swift in Sources */ = {isa = PBXBuildFile; fileRef = 25082616269828A000922ABD /* SecondController.swift */; };
		9B3F11572897AC2C00A89105 /* 스크린샷 2022-08-01 14.27.55.png in Resources */ = {isa = PBXBuildFile; fileRef = 9B3F11562897AC2C00A89105 /* 스크린샷 2022-08-01 14.27.55.png */; };
		9B3F11592897ACC800A89105 /* 스크린샷 2022-08-01 15.40.03.png in Resources */ = {isa = PBXBuildFile; fileRef = 9B3F11582897ACC800A89105 /* 스크린샷 2022-08-01 15.40.03.png */; };
		9B3F115B2897AF4400A89105 /* 스크린샷 2022-08-01 15.50.33.png in Resources */ = {isa = PBXBuildFile; fileRef = 9B3F115A2897AF4400A89105 /* 스크린샷 2022-08-01 15.50.33.png */; };
		9B3F115D2897B0B300A89105 /* 스크린샷 2022-08-01 15.56.40.png in Resources */ = {isa = PBXBuildFile; fileRef = 9B3F115C2897B0B300A89105 /* 스크린샷 2022-08-01 15.56.40.png */; };
		9B3F11612897F94400A89105 /* 스크린샷_2022-08-01_17.49.27-removebg-preview.png in Resources */ = {isa = PBXBuildFile; fileRef = 9B3F11602897F94400A89105 /* 스크린샷_2022-08-01_17.49.27-removebg-preview.png */; };
		9B3F1163289A4C1D00A89105 /* LoginViewController.swift in Sources */ = {isa = PBXBuildFile; fileRef = 9B3F1162289A4C1D00A89105 /* LoginViewController.swift */; };
		9B3F1165289A5F3700A89105 /* 스크린샷_2022-08-03_16.44.53-removebg-preview.png in Resources */ = {isa = PBXBuildFile; fileRef = 9B3F1164289A5F3700A89105 /* 스크린샷_2022-08-03_16.44.53-removebg-preview.png */; };
		9B3F1168289A604F00A89105 /* 스크린샷_2022-08-03_16.49.31-removebg-preview.png in Resources */ = {isa = PBXBuildFile; fileRef = 9B3F1166289A604F00A89105 /* 스크린샷_2022-08-03_16.49.31-removebg-preview.png */; };
		9B3F1169289A604F00A89105 /* 스크린샷_2022-08-03_16.50.17-removebg-preview.png in Resources */ = {isa = PBXBuildFile; fileRef = 9B3F1167289A604F00A89105 /* 스크린샷_2022-08-03_16.50.17-removebg-preview.png */; };
		9BDC6DBE289565A900A2AE66 /* GuestStruct.swift in Sources */ = {isa = PBXBuildFile; fileRef = 9BDC6DBD289565A900A2AE66 /* GuestStruct.swift */; };
		9BDC6DC0289565E500A2AE66 /* GuestDataModel.swift in Sources */ = {isa = PBXBuildFile; fileRef = 9BDC6DBF289565E500A2AE66 /* GuestDataModel.swift */; };
/* End PBXBuildFile section */

/* Begin PBXFileReference section */
		250825FE2698210100922ABD /* Thread_Example_Project.app */ = {isa = PBXFileReference; explicitFileType = wrapper.application; includeInIndex = 0; path = Thread_Example_Project.app; sourceTree = BUILT_PRODUCTS_DIR; };
		250826012698210100922ABD /* AppDelegate.swift */ = {isa = PBXFileReference; lastKnownFileType = sourcecode.swift; path = AppDelegate.swift; sourceTree = "<group>"; };
		250826032698210100922ABD /* SceneDelegate.swift */ = {isa = PBXFileReference; lastKnownFileType = sourcecode.swift; path = SceneDelegate.swift; sourceTree = "<group>"; };
		250826052698210100922ABD /* ViewController.swift */ = {isa = PBXFileReference; lastKnownFileType = sourcecode.swift; path = ViewController.swift; sourceTree = "<group>"; };
		250826082698210100922ABD /* Base */ = {isa = PBXFileReference; lastKnownFileType = file.storyboard; name = Base; path = Base.lproj/Main.storyboard; sourceTree = "<group>"; };
		2508260A2698210200922ABD /* Assets.xcassets */ = {isa = PBXFileReference; lastKnownFileType = folder.assetcatalog; path = Assets.xcassets; sourceTree = "<group>"; };
		2508260D2698210200922ABD /* Base */ = {isa = PBXFileReference; lastKnownFileType = file.storyboard; name = Base; path = Base.lproj/LaunchScreen.storyboard; sourceTree = "<group>"; };
		2508260F2698210200922ABD /* Info.plist */ = {isa = PBXFileReference; lastKnownFileType = text.plist.xml; path = Info.plist; sourceTree = "<group>"; };
		25082616269828A000922ABD /* SecondController.swift */ = {isa = PBXFileReference; lastKnownFileType = sourcecode.swift; path = SecondController.swift; sourceTree = "<group>"; };
		3B6E7ECE5DAE6312CC324BDE /* Pods-Thread_Example_Project.debug.xcconfig */ = {isa = PBXFileReference; includeInIndex = 1; lastKnownFileType = text.xcconfig; name = "Pods-Thread_Example_Project.debug.xcconfig"; path = "Target Support Files/Pods-Thread_Example_Project/Pods-Thread_Example_Project.debug.xcconfig"; sourceTree = "<group>"; };
		8C21AA1FD11EE002CAE0415D /* Pods-Thread_Example_Project.release.xcconfig */ = {isa = PBXFileReference; includeInIndex = 1; lastKnownFileType = text.xcconfig; name = "Pods-Thread_Example_Project.release.xcconfig"; path = "Target Support Files/Pods-Thread_Example_Project/Pods-Thread_Example_Project.release.xcconfig"; sourceTree = "<group>"; };
		9B3F11562897AC2C00A89105 /* 스크린샷 2022-08-01 14.27.55.png */ = {isa = PBXFileReference; lastKnownFileType = image.png; name = "스크린샷 2022-08-01 14.27.55.png"; path = "../../../../Desktop/ScreenShot/스크린샷 2022-08-01 14.27.55.png"; sourceTree = "<group>"; };
		9B3F11582897ACC800A89105 /* 스크린샷 2022-08-01 15.40.03.png */ = {isa = PBXFileReference; lastKnownFileType = image.png; name = "스크린샷 2022-08-01 15.40.03.png"; path = "../../../../../../var/folders/3z/1d_1pw1s1vqd8nrfp044b0840000gn/T/TemporaryItems/NSIRD_screencaptureui_fDrjc9/스크린샷 2022-08-01 15.40.03.png"; sourceTree = "<group>"; };
		9B3F115A2897AF4400A89105 /* 스크린샷 2022-08-01 15.50.33.png */ = {isa = PBXFileReference; lastKnownFileType = image.png; name = "스크린샷 2022-08-01 15.50.33.png"; path = "../../../../Desktop/ScreenShot/스크린샷 2022-08-01 15.50.33.png"; sourceTree = "<group>"; };
		9B3F115C2897B0B300A89105 /* 스크린샷 2022-08-01 15.56.40.png */ = {isa = PBXFileReference; lastKnownFileType = image.png; name = "스크린샷 2022-08-01 15.56.40.png"; path = "../../../../Desktop/ScreenShot/스크린샷 2022-08-01 15.56.40.png"; sourceTree = "<group>"; };
		9B3F11602897F94400A89105 /* 스크린샷_2022-08-01_17.49.27-removebg-preview.png */ = {isa = PBXFileReference; lastKnownFileType = image.png; name = "스크린샷_2022-08-01_17.49.27-removebg-preview.png"; path = "../../../../.Trash/스크린샷_2022-08-01_17.49.27-removebg-preview.png"; sourceTree = "<group>"; };
		9B3F1162289A4C1D00A89105 /* LoginViewController.swift */ = {isa = PBXFileReference; lastKnownFileType = sourcecode.swift; path = LoginViewController.swift; sourceTree = "<group>"; };
		9B3F1164289A5F3700A89105 /* 스크린샷_2022-08-03_16.44.53-removebg-preview.png */ = {isa = PBXFileReference; lastKnownFileType = image.png; name = "스크린샷_2022-08-03_16.44.53-removebg-preview.png"; path = "../../../../Downloads/스크린샷_2022-08-03_16.44.53-removebg-preview.png"; sourceTree = "<group>"; };
		9B3F1166289A604F00A89105 /* 스크린샷_2022-08-03_16.49.31-removebg-preview.png */ = {isa = PBXFileReference; lastKnownFileType = image.png; name = "스크린샷_2022-08-03_16.49.31-removebg-preview.png"; path = "../../../../Downloads/스크린샷_2022-08-03_16.49.31-removebg-preview.png"; sourceTree = "<group>"; };
		9B3F1167289A604F00A89105 /* 스크린샷_2022-08-03_16.50.17-removebg-preview.png */ = {isa = PBXFileReference; lastKnownFileType = image.png; name = "스크린샷_2022-08-03_16.50.17-removebg-preview.png"; path = "../../../../Downloads/스크린샷_2022-08-03_16.50.17-removebg-preview.png"; sourceTree = "<group>"; };
		9BDC6DBD289565A900A2AE66 /* GuestStruct.swift */ = {isa = PBXFileReference; lastKnownFileType = sourcecode.swift; path = GuestStruct.swift; sourceTree = "<group>"; };
		9BDC6DBF289565E500A2AE66 /* GuestDataModel.swift */ = {isa = PBXFileReference; lastKnownFileType = sourcecode.swift; path = GuestDataModel.swift; sourceTree = "<group>"; };
		FE1E4405A846A92058ACFAF2 /* Pods_Thread_Example_Project.framework */ = {isa = PBXFileReference; explicitFileType = wrapper.framework; includeInIndex = 0; path = Pods_Thread_Example_Project.framework; sourceTree = BUILT_PRODUCTS_DIR; };
/* End PBXFileReference section */

/* Begin PBXFrameworksBuildPhase section */
		250825FB2698210100922ABD /* Frameworks */ = {
			isa = PBXFrameworksBuildPhase;
			buildActionMask = 2147483647;
			files = (
				0E744806C0B67CAFCB2507A5 /* Pods_Thread_Example_Project.framework in Frameworks */,
			);
			runOnlyForDeploymentPostprocessing = 0;
		};
/* End PBXFrameworksBuildPhase section */

/* Begin PBXGroup section */
		250825F52698210100922ABD = {
			isa = PBXGroup;
			children = (
				250826002698210100922ABD /* Thread_Example_Project */,
				250825FF2698210100922ABD /* Products */,
				6341F18612399956113DB5A2 /* Pods */,
				788B8C830EF54798002940D9 /* Frameworks */,
			);
			sourceTree = "<group>";
		};
		250825FF2698210100922ABD /* Products */ = {
			isa = PBXGroup;
			children = (
				250825FE2698210100922ABD /* Thread_Example_Project.app */,
			);
			name = Products;
			sourceTree = "<group>";
		};
		250826002698210100922ABD /* Thread_Example_Project */ = {
			isa = PBXGroup;
			children = (
				2556700A2705AB9600E4CE15 /* App */,
				255670092705AB8600E4CE15 /* Serivce */,
				255670072705AB6F00E4CE15 /* Models */,
				255670052705AB6400E4CE15 /* Views */,
				250826152698289600922ABD /* Controller */,
				2508260A2698210200922ABD /* Assets.xcassets */,
				2508260F2698210200922ABD /* Info.plist */,
				9B3F1166289A604F00A89105 /* 스크린샷_2022-08-03_16.49.31-removebg-preview.png */,
				9B3F1167289A604F00A89105 /* 스크린샷_2022-08-03_16.50.17-removebg-preview.png */,
				9B3F11562897AC2C00A89105 /* 스크린샷 2022-08-01 14.27.55.png */,
				9B3F11582897ACC800A89105 /* 스크린샷 2022-08-01 15.40.03.png */,
				9B3F1164289A5F3700A89105 /* 스크린샷_2022-08-03_16.44.53-removebg-preview.png */,
				9B3F115A2897AF4400A89105 /* 스크린샷 2022-08-01 15.50.33.png */,
				9B3F115C2897B0B300A89105 /* 스크린샷 2022-08-01 15.56.40.png */,
				9B3F11602897F94400A89105 /* 스크린샷_2022-08-01_17.49.27-removebg-preview.png */,
			);
			path = Thread_Example_Project;
			sourceTree = "<group>";
		};
		250826152698289600922ABD /* Controller */ = {
			isa = PBXGroup;
			children = (
				9B3F1162289A4C1D00A89105 /* LoginViewController.swift */,
				250826052698210100922ABD /* ViewController.swift */,
				25082616269828A000922ABD /* SecondController.swift */,
			);
			path = Controller;
			sourceTree = "<group>";
		};
		255670052705AB6400E4CE15 /* Views */ = {
			isa = PBXGroup;
			children = (
				250826072698210100922ABD /* Main.storyboard */,
				2508260C2698210200922ABD /* LaunchScreen.storyboard */,
			);
			path = Views;
			sourceTree = "<group>";
		};
		255670072705AB6F00E4CE15 /* Models */ = {
			isa = PBXGroup;
			children = (
				9BDC6DBD289565A900A2AE66 /* GuestStruct.swift */,
				9BDC6DBF289565E500A2AE66 /* GuestDataModel.swift */,
			);
			path = Models;
			sourceTree = "<group>";
		};
		255670092705AB8600E4CE15 /* Serivce */ = {
			isa = PBXGroup;
			children = (
			);
			path = Serivce;
			sourceTree = "<group>";
		};
		2556700A2705AB9600E4CE15 /* App */ = {
			isa = PBXGroup;
			children = (
				250826012698210100922ABD /* AppDelegate.swift */,
				250826032698210100922ABD /* SceneDelegate.swift */,
			);
			path = App;
			sourceTree = "<group>";
		};
		6341F18612399956113DB5A2 /* Pods */ = {
			isa = PBXGroup;
			children = (
				3B6E7ECE5DAE6312CC324BDE /* Pods-Thread_Example_Project.debug.xcconfig */,
				8C21AA1FD11EE002CAE0415D /* Pods-Thread_Example_Project.release.xcconfig */,
			);
			path = Pods;
			sourceTree = "<group>";
		};
		788B8C830EF54798002940D9 /* Frameworks */ = {
			isa = PBXGroup;
			children = (
				FE1E4405A846A92058ACFAF2 /* Pods_Thread_Example_Project.framework */,
			);
			name = Frameworks;
			sourceTree = "<group>";
		};
/* End PBXGroup section */

/* Begin PBXNativeTarget section */
		250825FD2698210100922ABD /* Thread_Example_Project */ = {
			isa = PBXNativeTarget;
			buildConfigurationList = 250826122698210200922ABD /* Build configuration list for PBXNativeTarget "Thread_Example_Project" */;
			buildPhases = (
				BD2E94BEF753193D78BC92A8 /* [CP] Check Pods Manifest.lock */,
				250825FA2698210100922ABD /* Sources */,
				250825FB2698210100922ABD /* Frameworks */,
				250825FC2698210100922ABD /* Resources */,
				D3200599D6CA3B5935A0879B /* [CP] Embed Pods Frameworks */,
			);
			buildRules = (
			);
			dependencies = (
			);
			name = Thread_Example_Project;
			productName = Thread_Example_Project;
			productReference = 250825FE2698210100922ABD /* Thread_Example_Project.app */;
			productType = "com.apple.product-type.application";
		};
/* End PBXNativeTarget section */

/* Begin PBXProject section */
		250825F62698210100922ABD /* Project object */ = {
			isa = PBXProject;
			attributes = {
				LastSwiftUpdateCheck = 1250;
				LastUpgradeCheck = 1250;
				TargetAttributes = {
					250825FD2698210100922ABD = {
						CreatedOnToolsVersion = 12.5;
					};
				};
			};
			buildConfigurationList = 250825F92698210100922ABD /* Build configuration list for PBXProject "Thread_Example_Project" */;
			compatibilityVersion = "Xcode 9.3";
			developmentRegion = en;
			hasScannedForEncodings = 0;
			knownRegions = (
				en,
				Base,
			);
			mainGroup = 250825F52698210100922ABD;
			productRefGroup = 250825FF2698210100922ABD /* Products */;
			projectDirPath = "";
			projectRoot = "";
			targets = (
				250825FD2698210100922ABD /* Thread_Example_Project */,
			);
		};
/* End PBXProject section */

/* Begin PBXResourcesBuildPhase section */
		250825FC2698210100922ABD /* Resources */ = {
			isa = PBXResourcesBuildPhase;
			buildActionMask = 2147483647;
			files = (
				9B3F115D2897B0B300A89105 /* 스크린샷 2022-08-01 15.56.40.png in Resources */,
				9B3F1168289A604F00A89105 /* 스크린샷_2022-08-03_16.49.31-removebg-preview.png in Resources */,
				9B3F1165289A5F3700A89105 /* 스크린샷_2022-08-03_16.44.53-removebg-preview.png in Resources */,
				2508260E2698210200922ABD /* LaunchScreen.storyboard in Resources */,
				2508260B2698210200922ABD /* Assets.xcassets in Resources */,
				9B3F1169289A604F00A89105 /* 스크린샷_2022-08-03_16.50.17-removebg-preview.png in Resources */,
				9B3F11592897ACC800A89105 /* 스크린샷 2022-08-01 15.40.03.png in Resources */,
				250826092698210100922ABD /* Main.storyboard in Resources */,
				9B3F115B2897AF4400A89105 /* 스크린샷 2022-08-01 15.50.33.png in Resources */,
				9B3F11572897AC2C00A89105 /* 스크린샷 2022-08-01 14.27.55.png in Resources */,
				9B3F11612897F94400A89105 /* 스크린샷_2022-08-01_17.49.27-removebg-preview.png in Resources */,
			);
			runOnlyForDeploymentPostprocessing = 0;
		};
/* End PBXResourcesBuildPhase section */

/* Begin PBXShellScriptBuildPhase section */
		BD2E94BEF753193D78BC92A8 /* [CP] Check Pods Manifest.lock */ = {
			isa = PBXShellScriptBuildPhase;
			buildActionMask = 2147483647;
			files = (
			);
			inputFileListPaths = (
			);
			inputPaths = (
				"${PODS_PODFILE_DIR_PATH}/Podfile.lock",
				"${PODS_ROOT}/Manifest.lock",
			);
			name = "[CP] Check Pods Manifest.lock";
			outputFileListPaths = (
			);
			outputPaths = (
				"$(DERIVED_FILE_DIR)/Pods-Thread_Example_Project-checkManifestLockResult.txt",
			);
			runOnlyForDeploymentPostprocessing = 0;
			shellPath = /bin/sh;
			shellScript = "diff \"${PODS_PODFILE_DIR_PATH}/Podfile.lock\" \"${PODS_ROOT}/Manifest.lock\" > /dev/null\nif [ $? != 0 ] ; then\n    # print error to STDERR\n    echo \"error: The sandbox is not in sync with the Podfile.lock. Run 'pod install' or update your CocoaPods installation.\" >&2\n    exit 1\nfi\n# This output is used by Xcode 'outputs' to avoid re-running this script phase.\necho \"SUCCESS\" > \"${SCRIPT_OUTPUT_FILE_0}\"\n";
			showEnvVarsInLog = 0;
		};
		D3200599D6CA3B5935A0879B /* [CP] Embed Pods Frameworks */ = {
			isa = PBXShellScriptBuildPhase;
			buildActionMask = 2147483647;
			files = (
			);
			inputFileListPaths = (
				"${PODS_ROOT}/Target Support Files/Pods-Thread_Example_Project/Pods-Thread_Example_Project-frameworks-${CONFIGURATION}-input-files.xcfilelist",
			);
			name = "[CP] Embed Pods Frameworks";
			outputFileListPaths = (
				"${PODS_ROOT}/Target Support Files/Pods-Thread_Example_Project/Pods-Thread_Example_Project-frameworks-${CONFIGURATION}-output-files.xcfilelist",
			);
			runOnlyForDeploymentPostprocessing = 0;
			shellPath = /bin/sh;
			shellScript = "\"${PODS_ROOT}/Target Support Files/Pods-Thread_Example_Project/Pods-Thread_Example_Project-frameworks.sh\"\n";
			showEnvVarsInLog = 0;
		};
/* End PBXShellScriptBuildPhase section */

/* Begin PBXSourcesBuildPhase section */
		250825FA2698210100922ABD /* Sources */ = {
			isa = PBXSourcesBuildPhase;
			buildActionMask = 2147483647;
			files = (
				9B3F1163289A4C1D00A89105 /* LoginViewController.swift in Sources */,
				250826062698210100922ABD /* ViewController.swift in Sources */,
				25082617269828A000922ABD /* SecondController.swift in Sources */,
				9BDC6DBE289565A900A2AE66 /* GuestStruct.swift in Sources */,
				250826022698210100922ABD /* AppDelegate.swift in Sources */,
				9BDC6DC0289565E500A2AE66 /* GuestDataModel.swift in Sources */,
				250826042698210100922ABD /* SceneDelegate.swift in Sources */,
			);
			runOnlyForDeploymentPostprocessing = 0;
		};
/* End PBXSourcesBuildPhase section */

/* Begin PBXVariantGroup section */
		250826072698210100922ABD /* Main.storyboard */ = {
			isa = PBXVariantGroup;
			children = (
				250826082698210100922ABD /* Base */,
			);
			name = Main.storyboard;
			sourceTree = "<group>";
		};
		2508260C2698210200922ABD /* LaunchScreen.storyboard */ = {
			isa = PBXVariantGroup;
			children = (
				2508260D2698210200922ABD /* Base */,
			);
			name = LaunchScreen.storyboard;
			sourceTree = "<group>";
		};
/* End PBXVariantGroup section */

/* Begin XCBuildConfiguration section */
		250826102698210200922ABD /* Debug */ = {
			isa = XCBuildConfiguration;
			buildSettings = {
				ALWAYS_SEARCH_USER_PATHS = NO;
				CLANG_ANALYZER_NONNULL = YES;
				CLANG_ANALYZER_NUMBER_OBJECT_CONVERSION = YES_AGGRESSIVE;
				CLANG_CXX_LANGUAGE_STANDARD = "gnu++14";
				CLANG_CXX_LIBRARY = "libc++";
				CLANG_ENABLE_MODULES = YES;
				CLANG_ENABLE_OBJC_ARC = YES;
				CLANG_ENABLE_OBJC_WEAK = YES;
				CLANG_WARN_BLOCK_CAPTURE_AUTORELEASING = YES;
				CLANG_WARN_BOOL_CONVERSION = YES;
				CLANG_WARN_COMMA = YES;
				CLANG_WARN_CONSTANT_CONVERSION = YES;
				CLANG_WARN_DEPRECATED_OBJC_IMPLEMENTATIONS = YES;
				CLANG_WARN_DIRECT_OBJC_ISA_USAGE = YES_ERROR;
				CLANG_WARN_DOCUMENTATION_COMMENTS = YES;
				CLANG_WARN_EMPTY_BODY = YES;
				CLANG_WARN_ENUM_CONVERSION = YES;
				CLANG_WARN_INFINITE_RECURSION = YES;
				CLANG_WARN_INT_CONVERSION = YES;
				CLANG_WARN_NON_LITERAL_NULL_CONVERSION = YES;
				CLANG_WARN_OBJC_IMPLICIT_RETAIN_SELF = YES;
				CLANG_WARN_OBJC_LITERAL_CONVERSION = YES;
				CLANG_WARN_OBJC_ROOT_CLASS = YES_ERROR;
				CLANG_WARN_QUOTED_INCLUDE_IN_FRAMEWORK_HEADER = YES;
				CLANG_WARN_RANGE_LOOP_ANALYSIS = YES;
				CLANG_WARN_STRICT_PROTOTYPES = YES;
				CLANG_WARN_SUSPICIOUS_MOVE = YES;
				CLANG_WARN_UNGUARDED_AVAILABILITY = YES_AGGRESSIVE;
				CLANG_WARN_UNREACHABLE_CODE = YES;
				CLANG_WARN__DUPLICATE_METHOD_MATCH = YES;
				COPY_PHASE_STRIP = NO;
				DEBUG_INFORMATION_FORMAT = dwarf;
				ENABLE_STRICT_OBJC_MSGSEND = YES;
				ENABLE_TESTABILITY = YES;
				GCC_C_LANGUAGE_STANDARD = gnu11;
				GCC_DYNAMIC_NO_PIC = NO;
				GCC_NO_COMMON_BLOCKS = YES;
				GCC_OPTIMIZATION_LEVEL = 0;
				GCC_PREPROCESSOR_DEFINITIONS = (
					"DEBUG=1",
					"$(inherited)",
				);
				GCC_WARN_64_TO_32_BIT_CONVERSION = YES;
				GCC_WARN_ABOUT_RETURN_TYPE = YES_ERROR;
				GCC_WARN_UNDECLARED_SELECTOR = YES;
				GCC_WARN_UNINITIALIZED_AUTOS = YES_AGGRESSIVE;
				GCC_WARN_UNUSED_FUNCTION = YES;
				GCC_WARN_UNUSED_VARIABLE = YES;
				IPHONEOS_DEPLOYMENT_TARGET = 14.5;
				MTL_ENABLE_DEBUG_INFO = INCLUDE_SOURCE;
				MTL_FAST_MATH = YES;
				ONLY_ACTIVE_ARCH = YES;
				SDKROOT = iphoneos;
				SWIFT_ACTIVE_COMPILATION_CONDITIONS = DEBUG;
				SWIFT_OPTIMIZATION_LEVEL = "-Onone";
			};
			name = Debug;
		};
		250826112698210200922ABD /* Release */ = {
			isa = XCBuildConfiguration;
			buildSettings = {
				ALWAYS_SEARCH_USER_PATHS = NO;
				CLANG_ANALYZER_NONNULL = YES;
				CLANG_ANALYZER_NUMBER_OBJECT_CONVERSION = YES_AGGRESSIVE;
				CLANG_CXX_LANGUAGE_STANDARD = "gnu++14";
				CLANG_CXX_LIBRARY = "libc++";
				CLANG_ENABLE_MODULES = YES;
				CLANG_ENABLE_OBJC_ARC = YES;
				CLANG_ENABLE_OBJC_WEAK = YES;
				CLANG_WARN_BLOCK_CAPTURE_AUTORELEASING = YES;
				CLANG_WARN_BOOL_CONVERSION = YES;
				CLANG_WARN_COMMA = YES;
				CLANG_WARN_CONSTANT_CONVERSION = YES;
				CLANG_WARN_DEPRECATED_OBJC_IMPLEMENTATIONS = YES;
				CLANG_WARN_DIRECT_OBJC_ISA_USAGE = YES_ERROR;
				CLANG_WARN_DOCUMENTATION_COMMENTS = YES;
				CLANG_WARN_EMPTY_BODY = YES;
				CLANG_WARN_ENUM_CONVERSION = YES;
				CLANG_WARN_INFINITE_RECURSION = YES;
				CLANG_WARN_INT_CONVERSION = YES;
				CLANG_WARN_NON_LITERAL_NULL_CONVERSION = YES;
				CLANG_WARN_OBJC_IMPLICIT_RETAIN_SELF = YES;
				CLANG_WARN_OBJC_LITERAL_CONVERSION = YES;
				CLANG_WARN_OBJC_ROOT_CLASS = YES_ERROR;
				CLANG_WARN_QUOTED_INCLUDE_IN_FRAMEWORK_HEADER = YES;
				CLANG_WARN_RANGE_LOOP_ANALYSIS = YES;
				CLANG_WARN_STRICT_PROTOTYPES = YES;
				CLANG_WARN_SUSPICIOUS_MOVE = YES;
				CLANG_WARN_UNGUARDED_AVAILABILITY = YES_AGGRESSIVE;
				CLANG_WARN_UNREACHABLE_CODE = YES;
				CLANG_WARN__DUPLICATE_METHOD_MATCH = YES;
				COPY_PHASE_STRIP = NO;
				DEBUG_INFORMATION_FORMAT = "dwarf-with-dsym";
				ENABLE_NS_ASSERTIONS = NO;
				ENABLE_STRICT_OBJC_MSGSEND = YES;
				GCC_C_LANGUAGE_STANDARD = gnu11;
				GCC_NO_COMMON_BLOCKS = YES;
				GCC_WARN_64_TO_32_BIT_CONVERSION = YES;
				GCC_WARN_ABOUT_RETURN_TYPE = YES_ERROR;
				GCC_WARN_UNDECLARED_SELECTOR = YES;
				GCC_WARN_UNINITIALIZED_AUTOS = YES_AGGRESSIVE;
				GCC_WARN_UNUSED_FUNCTION = YES;
				GCC_WARN_UNUSED_VARIABLE = YES;
				IPHONEOS_DEPLOYMENT_TARGET = 14.5;
				MTL_ENABLE_DEBUG_INFO = NO;
				MTL_FAST_MATH = YES;
				SDKROOT = iphoneos;
				SWIFT_COMPILATION_MODE = wholemodule;
				SWIFT_OPTIMIZATION_LEVEL = "-O";
				VALIDATE_PRODUCT = YES;
			};
			name = Release;
		};
		250826132698210200922ABD /* Debug */ = {
			isa = XCBuildConfiguration;
			baseConfigurationReference = 3B6E7ECE5DAE6312CC324BDE /* Pods-Thread_Example_Project.debug.xcconfig */;
			buildSettings = {
				ASSETCATALOG_COMPILER_APPICON_NAME = AppIcon;
				ASSETCATALOG_COMPILER_GLOBAL_ACCENT_COLOR_NAME = AccentColor;
				CODE_SIGN_STYLE = Automatic;
				DEVELOPMENT_TEAM = 9LAFQ24GSN;
				INFOPLIST_FILE = Thread_Example_Project/Info.plist;
				LD_RUNPATH_SEARCH_PATHS = (
					"$(inherited)",
					"@executable_path/Frameworks",
				);
				PRODUCT_BUNDLE_IDENTIFIER = "com.Thread-Example-Project";
				PRODUCT_NAME = "$(TARGET_NAME)";
				SWIFT_VERSION = 5.0;
				TARGETED_DEVICE_FAMILY = "1,2";
			};
			name = Debug;
		};
		250826142698210200922ABD /* Release */ = {
			isa = XCBuildConfiguration;
			baseConfigurationReference = 8C21AA1FD11EE002CAE0415D /* Pods-Thread_Example_Project.release.xcconfig */;
			buildSettings = {
				ASSETCATALOG_COMPILER_APPICON_NAME = AppIcon;
				ASSETCATALOG_COMPILER_GLOBAL_ACCENT_COLOR_NAME = AccentColor;
				CODE_SIGN_STYLE = Automatic;
				DEVELOPMENT_TEAM = 9LAFQ24GSN;
				INFOPLIST_FILE = Thread_Example_Project/Info.plist;
				LD_RUNPATH_SEARCH_PATHS = (
					"$(inherited)",
					"@executable_path/Frameworks",
				);
				PRODUCT_BUNDLE_IDENTIFIER = "com.Thread-Example-Project";
				PRODUCT_NAME = "$(TARGET_NAME)";
				SWIFT_VERSION = 5.0;
				TARGETED_DEVICE_FAMILY = "1,2";
			};
			name = Release;
		};
/* End XCBuildConfiguration section */

/* Begin XCConfigurationList section */
		250825F92698210100922ABD /* Build configuration list for PBXProject "Thread_Example_Project" */ = {
			isa = XCConfigurationList;
			buildConfigurations = (
				250826102698210200922ABD /* Debug */,
				250826112698210200922ABD /* Release */,
			);
			defaultConfigurationIsVisible = 0;
			defaultConfigurationName = Release;
		};
		250826122698210200922ABD /* Build configuration list for PBXNativeTarget "Thread_Example_Project" */ = {
			isa = XCConfigurationList;
			buildConfigurations = (
				250826132698210200922ABD /* Debug */,
				250826142698210200922ABD /* Release */,
			);
			defaultConfigurationIsVisible = 0;
			defaultConfigurationName = Release;
		};
/* End XCConfigurationList section */
	};
	rootObject = 250825F62698210100922ABD /* Project object */;
}
